
Microsoft Visual Studio Solution File, Format Version 12.00
# Visual Studio Version 17
VisualStudioVersion = 17.14.36408.4 d17.14
MinimumVisualStudioVersion = 10.0.40219.1
Project("{FAE04EC0-301F-11D3-BF4B-00C04F79EFBC}") = "POO.WORK#2.Core", "POO.WORK#2.Core\POO.WORK#2.Core.csproj", "{5935B447-0FF2-4A3F-B0FF-06CA13096B51}"
EndProject
Project("{FAE04EC0-301F-11D3-BF4B-00C04F79EFBC}") = "POO.WORK#2.Console", "POO.WORK#2.Console\POO.WORK#2.Console.csproj", "{3B74E92E-5956-4516-B065-E016051D82FB}"
EndProject
Global
	GlobalSection(SolutionConfigurationPlatforms) = preSolution
		Debug|Any CPU = Debug|Any CPU
		Release|Any CPU = Release|Any CPU
	EndGlobalSection
	GlobalSection(ProjectConfigurationPlatforms) = postSolution
		{5935B447-0FF2-4A3F-B0FF-06CA13096B51}.Debug|Any CPU.ActiveCfg = Debug|Any CPU
		{5935B447-0FF2-4A3F-B0FF-06CA13096B51}.Debug|Any CPU.Build.0 = Debug|Any CPU
		{5935B447-0FF2-4A3F-B0FF-06CA13096B51}.Release|Any CPU.ActiveCfg = Release|Any CPU
		{5935B447-0FF2-4A3F-B0FF-06CA13096B51}.Release|Any CPU.Build.0 = Release|Any CPU
		{3B74E92E-5956-4516-B065-E016051D82FB}.Debug|Any CPU.ActiveCfg = Debug|Any CPU
		{3B74E92E-5956-4516-B065-E016051D82FB}.Debug|Any CPU.Build.0 = Debug|Any CPU
		{3B74E92E-5956-4516-B065-E016051D82FB}.Release|Any CPU.ActiveCfg = Release|Any CPU
		{3B74E92E-5956-4516-B065-E016051D82FB}.Release|Any CPU.Build.0 = Release|Any CPU
	EndGlobalSection
	GlobalSection(SolutionProperties) = preSolution
		HideSolutionNode = FALSE
	EndGlobalSection
	GlobalSection(ExtensibilityGlobals) = postSolution
		SolutionGuid = {01A1739E-26DA-4D7D-BACC-DAE93BF9CE61}
	EndGlobalSection
EndGlobal
